
Microsoft Visual Studio Solution File, Format Version 12.00
# Visual Studio Version 16
VisualStudioVersion = 16.0.31613.86
MinimumVisualStudioVersion = 10.0.40219.1
Project("{FAE04EC0-301F-11D3-BF4B-00C04F79EFBC}") = "CSharpFundamentals", "CSharpFundamentals\CSharpFundamentals.csproj", "{F6AB738A-CC9E-4A6D-9DAA-54522FE8D9AD}"
EndProject
Global
	GlobalSection(SolutionConfigurationPlatforms) = preSolution
		Debug|Any CPU = Debug|Any CPU
		Release|Any CPU = Release|Any CPU
	EndGlobalSection
	GlobalSection(ProjectConfigurationPlatforms) = postSolution
		{F6AB738A-CC9E-4A6D-9DAA-54522FE8D9AD}.Debug|Any CPU.ActiveCfg = Debug|Any CPU
		{F6AB738A-CC9E-4A6D-9DAA-54522FE8D9AD}.Debug|Any CPU.Build.0 = Debug|Any CPU
		{F6AB738A-CC9E-4A6D-9DAA-54522FE8D9AD}.Release|Any CPU.ActiveCfg = Release|Any CPU
		{F6AB738A-CC9E-4A6D-9DAA-54522FE8D9AD}.Release|Any CPU.Build.0 = Release|Any CPU
	EndGlobalSection
	GlobalSection(SolutionProperties) = preSolution
		HideSolutionNode = FALSE
	EndGlobalSection
	GlobalSection(ExtensibilityGlobals) = postSolution
		SolutionGuid = {1A2E4947-378A-46CB-AD38-40679D835BAD}
	EndGlobalSection
EndGlobal
